
Microsoft Visual Studio Solution File, Format Version 12.00
# Visual Studio 14
VisualStudioVersion = 14.0.25420.1
MinimumVisualStudioVersion = 10.0.40219.1
Project("{FAE04EC0-301F-11D3-BF4B-00C04F79EFBC}") = "ColorTransfer-OpenCVSharp", "ColorTransfer-OpenCVSharp\ColorTransfer-OpenCVSharp.csproj", "{2986B2B5-97E6-4F23-9D0C-1287BA2B1C52}"
EndProject
Project("{FAE04EC0-301F-11D3-BF4B-00C04F79EFBC}") = "ColorTransfer-EmguCV", "ColorTransfer-EmguCV\ColorTransfer-EmguCV.csproj", "{AD806EE4-7A2F-422B-8789-4253B2D22343}"
EndProject
Global
	GlobalSection(SolutionConfigurationPlatforms) = preSolution
		Debug|Any CPU = Debug|Any CPU
		Release|Any CPU = Release|Any CPU
	EndGlobalSection
	GlobalSection(ProjectConfigurationPlatforms) = postSolution
		{2986B2B5-97E6-4F23-9D0C-1287BA2B1C52}.Debug|Any CPU.ActiveCfg = Debug|Any CPU
		{2986B2B5-97E6-4F23-9D0C-1287BA2B1C52}.Debug|Any CPU.Build.0 = Debug|Any CPU
		{2986B2B5-97E6-4F23-9D0C-1287BA2B1C52}.Release|Any CPU.ActiveCfg = Release|Any CPU
		{2986B2B5-97E6-4F23-9D0C-1287BA2B1C52}.Release|Any CPU.Build.0 = Release|Any CPU
		{AD806EE4-7A2F-422B-8789-4253B2D22343}.Debug|Any CPU.ActiveCfg = Debug|Any CPU
		{AD806EE4-7A2F-422B-8789-4253B2D22343}.Debug|Any CPU.Build.0 = Debug|Any CPU
		{AD806EE4-7A2F-422B-8789-4253B2D22343}.Release|Any CPU.ActiveCfg = Release|Any CPU
		{AD806EE4-7A2F-422B-8789-4253B2D22343}.Release|Any CPU.Build.0 = Release|Any CPU
	EndGlobalSection
	GlobalSection(SolutionProperties) = preSolution
		HideSolutionNode = FALSE
	EndGlobalSection
EndGlobal
