
Microsoft Visual Studio Solution File, Format Version 12.00
# Visual Studio 14
VisualStudioVersion = 14.0.25420.1
MinimumVisualStudioVersion = 10.0.40219.1
Project("{FAE04EC0-301F-11D3-BF4B-00C04F79EFBC}") = "DocumentScanner-EmguCV", "DocumentScanner-EmguCV\DocumentScanner-EmguCV.csproj", "{7C363315-6468-4DAF-AF59-8F181EB73F6D}"
EndProject
Project("{FAE04EC0-301F-11D3-BF4B-00C04F79EFBC}") = "DocumentScanner-OpenCVSharp", "DocumentScanner-OpenCVSharp\DocumentScanner-OpenCVSharp.csproj", "{11F694F7-5F05-4F3D-BDE8-449EC002258E}"
EndProject
Project("{2150E333-8FDC-42A3-9474-1A3956D46DE8}") = "images", "images", "{709C88E2-D83F-4294-8DF8-06732DCE6771}"
	ProjectSection(SolutionItems) = preProject
		images\page.jpg = images\page.jpg
		images\receipt.jpg = images\receipt.jpg
	EndProjectSection
EndProject
Global
	GlobalSection(SolutionConfigurationPlatforms) = preSolution
		Debug|Any CPU = Debug|Any CPU
		Release|Any CPU = Release|Any CPU
	EndGlobalSection
	GlobalSection(ProjectConfigurationPlatforms) = postSolution
		{7C363315-6468-4DAF-AF59-8F181EB73F6D}.Debug|Any CPU.ActiveCfg = Debug|Any CPU
		{7C363315-6468-4DAF-AF59-8F181EB73F6D}.Debug|Any CPU.Build.0 = Debug|Any CPU
		{7C363315-6468-4DAF-AF59-8F181EB73F6D}.Release|Any CPU.ActiveCfg = Release|Any CPU
		{7C363315-6468-4DAF-AF59-8F181EB73F6D}.Release|Any CPU.Build.0 = Release|Any CPU
		{11F694F7-5F05-4F3D-BDE8-449EC002258E}.Debug|Any CPU.ActiveCfg = Debug|Any CPU
		{11F694F7-5F05-4F3D-BDE8-449EC002258E}.Debug|Any CPU.Build.0 = Debug|Any CPU
		{11F694F7-5F05-4F3D-BDE8-449EC002258E}.Release|Any CPU.ActiveCfg = Release|Any CPU
		{11F694F7-5F05-4F3D-BDE8-449EC002258E}.Release|Any CPU.Build.0 = Release|Any CPU
	EndGlobalSection
	GlobalSection(SolutionProperties) = preSolution
		HideSolutionNode = FALSE
	EndGlobalSection
EndGlobal
