
Microsoft Visual Studio Solution File, Format Version 12.00
# Visual Studio 14
VisualStudioVersion = 14.0.25420.1
MinimumVisualStudioVersion = 10.0.40219.1
Project("{FAE04EC0-301F-11D3-BF4B-00C04F79EFBC}") = "SkinDetection-OpenCVSharp", "SkinDetection-OpenCVSharp\SkinDetection-OpenCVSharp.csproj", "{CF90AFD4-1B5A-4288-8F50-9999955FC616}"
EndProject
Project("{FAE04EC0-301F-11D3-BF4B-00C04F79EFBC}") = "SkinDetection-EmguCV", "SkinDetection-EmguCV\SkinDetection-EmguCV.csproj", "{AA02A2E3-7FF3-42EA-B621-6407BE957ED0}"
EndProject
Global
	GlobalSection(SolutionConfigurationPlatforms) = preSolution
		Debug|Any CPU = Debug|Any CPU
		Release|Any CPU = Release|Any CPU
	EndGlobalSection
	GlobalSection(ProjectConfigurationPlatforms) = postSolution
		{CF90AFD4-1B5A-4288-8F50-9999955FC616}.Debug|Any CPU.ActiveCfg = Debug|Any CPU
		{CF90AFD4-1B5A-4288-8F50-9999955FC616}.Debug|Any CPU.Build.0 = Debug|Any CPU
		{CF90AFD4-1B5A-4288-8F50-9999955FC616}.Release|Any CPU.ActiveCfg = Release|Any CPU
		{CF90AFD4-1B5A-4288-8F50-9999955FC616}.Release|Any CPU.Build.0 = Release|Any CPU
		{AA02A2E3-7FF3-42EA-B621-6407BE957ED0}.Debug|Any CPU.ActiveCfg = Debug|Any CPU
		{AA02A2E3-7FF3-42EA-B621-6407BE957ED0}.Debug|Any CPU.Build.0 = Debug|Any CPU
		{AA02A2E3-7FF3-42EA-B621-6407BE957ED0}.Release|Any CPU.ActiveCfg = Release|Any CPU
		{AA02A2E3-7FF3-42EA-B621-6407BE957ED0}.Release|Any CPU.Build.0 = Release|Any CPU
	EndGlobalSection
	GlobalSection(SolutionProperties) = preSolution
		HideSolutionNode = FALSE
	EndGlobalSection
EndGlobal
